
Microsoft Visual Studio Solution File, Format Version 12.00
# Visual Studio Version 17
VisualStudioVersion = 17.1.32328.378
MinimumVisualStudioVersion = 10.0.40219.1
Project("{FAE04EC0-301F-11D3-BF4B-00C04F79EFBC}") = "RegX", "RegX.csproj", "{8BD48CC7-4596-426F-9230-87D38FE2A435}"
EndProject
Global
	GlobalSection(SolutionConfigurationPlatforms) = preSolution
		Debug|Any CPU = Debug|Any CPU
		Release|Any CPU = Release|Any CPU
	EndGlobalSection
	GlobalSection(ProjectConfigurationPlatforms) = postSolution
		{8BD48CC7-4596-426F-9230-87D38FE2A435}.Debug|Any CPU.ActiveCfg = Debug|Any CPU
		{8BD48CC7-4596-426F-9230-87D38FE2A435}.Debug|Any CPU.Build.0 = Debug|Any CPU
		{8BD48CC7-4596-426F-9230-87D38FE2A435}.Release|Any CPU.ActiveCfg = Release|Any CPU
		{8BD48CC7-4596-426F-9230-87D38FE2A435}.Release|Any CPU.Build.0 = Release|Any CPU
	EndGlobalSection
	GlobalSection(SolutionProperties) = preSolution
		HideSolutionNode = FALSE
	EndGlobalSection
	GlobalSection(ExtensibilityGlobals) = postSolution
		SolutionGuid = {9867D4C3-BB7C-4671-955F-22E760EDB811}
	EndGlobalSection
EndGlobal
